
Microsoft Visual Studio Solution File, Format Version 12.00
# Visual Studio Version 17
VisualStudioVersion = 17.1.32414.318
MinimumVisualStudioVersion = 10.0.40219.1
Project("{9A19103F-16F7-4668-BE54-9A1E7A4F7556}") = "ChapterSenai", "ChapterSenai\ChapterSenai.csproj", "{5F997D7B-D0AC-4B1E-9B16-F42942A58ADA}"
EndProject
Project("{FAE04EC0-301F-11D3-BF4B-00C04F79EFBC}") = "TestXUnit", "TestXUnit\TestXUnit.csproj", "{9E4DDDAF-D6C4-41C1-98DF-50F11E9B5C9E}"
EndProject
Global
	GlobalSection(SolutionConfigurationPlatforms) = preSolution
		Debug|Any CPU = Debug|Any CPU
		Release|Any CPU = Release|Any CPU
	EndGlobalSection
	GlobalSection(ProjectConfigurationPlatforms) = postSolution
		{5F997D7B-D0AC-4B1E-9B16-F42942A58ADA}.Debug|Any CPU.ActiveCfg = Debug|Any CPU
		{5F997D7B-D0AC-4B1E-9B16-F42942A58ADA}.Debug|Any CPU.Build.0 = Debug|Any CPU
		{5F997D7B-D0AC-4B1E-9B16-F42942A58ADA}.Release|Any CPU.ActiveCfg = Release|Any CPU
		{5F997D7B-D0AC-4B1E-9B16-F42942A58ADA}.Release|Any CPU.Build.0 = Release|Any CPU
		{9E4DDDAF-D6C4-41C1-98DF-50F11E9B5C9E}.Debug|Any CPU.ActiveCfg = Debug|Any CPU
		{9E4DDDAF-D6C4-41C1-98DF-50F11E9B5C9E}.Debug|Any CPU.Build.0 = Debug|Any CPU
		{9E4DDDAF-D6C4-41C1-98DF-50F11E9B5C9E}.Release|Any CPU.ActiveCfg = Release|Any CPU
		{9E4DDDAF-D6C4-41C1-98DF-50F11E9B5C9E}.Release|Any CPU.Build.0 = Release|Any CPU
	EndGlobalSection
	GlobalSection(SolutionProperties) = preSolution
		HideSolutionNode = FALSE
	EndGlobalSection
	GlobalSection(ExtensibilityGlobals) = postSolution
		SolutionGuid = {8B5FEB03-F522-4756-A08D-01FA597D13C0}
	EndGlobalSection
EndGlobal
